
Microsoft Visual Studio Solution File, Format Version 12.00
# Visual Studio Version 17
VisualStudioVersion = 17.0.31903.59
MinimumVisualStudioVersion = 10.0.40219.1
Project("{FAE04EC0-301F-11D3-BF4B-00C04F79EFBC}") = "Monopoly", "Monopoly\Monopoly.csproj", "{7912334D-A401-49BF-AE0B-51FD3801DCFC}"
EndProject
Global
	GlobalSection(SolutionConfigurationPlatforms) = preSolution
		Debug|Any CPU = Debug|Any CPU
		Release|Any CPU = Release|Any CPU
	EndGlobalSection
	GlobalSection(SolutionProperties) = preSolution
		HideSolutionNode = FALSE
	EndGlobalSection
	GlobalSection(ProjectConfigurationPlatforms) = postSolution
		{7912334D-A401-49BF-AE0B-51FD3801DCFC}.Debug|Any CPU.ActiveCfg = Debug|Any CPU
		{7912334D-A401-49BF-AE0B-51FD3801DCFC}.Debug|Any CPU.Build.0 = Debug|Any CPU
		{7912334D-A401-49BF-AE0B-51FD3801DCFC}.Release|Any CPU.ActiveCfg = Release|Any CPU
		{7912334D-A401-49BF-AE0B-51FD3801DCFC}.Release|Any CPU.Build.0 = Release|Any CPU
	EndGlobalSection
EndGlobal
